{
  "lockfileVersion": 2,
  "configVersion": 1,
  "workspaces": {
    "": {
      "name": "wasm-spec-gen",
      "dependencies": {
        "wabt": "^1.0.39",
      },
    },
  },
  "packages": {
    "wabt": ["wabt@1.0.39", "", { "bin": { "wasm2c": "bin/wasm2c", "wasm2wat": "bin/wasm2wat", "wat2wasm": "bin/wat2wasm", "wasm-stats": "bin/wasm-stats", "wasm-strip": "bin/wasm-strip", "wasm-interp": "bin/wasm-interp", "wasm-objdump": "bin/wasm-objdump", "wasm-validate": "bin/wasm-validate", "wasm-decompile": "bin/wasm-decompile" } }, "sha512-ba+dRL/75VQQY7RkU/CgriGbkoWAfS8TDyUlJfJhJ8KhtXgMl5dhNvoPNUcQ9IWRhW8u41glMSuZeTvsYq2rRg=="],
  }
}
